langcode: en
status: true
dependencies:
  module:
    - cnc_extras
  theme:
    - ut_base
id: ut_base_headerblock
theme: ut_base
region: header
weight: -8
provider: null
plugin: header_block
settings:
  id: header_block
  label: 'Header block'
  label_display: '0'
  provider: cnc_extras
  cnc_extras_header_block: null
visibility: {  }
