uuid: b329fb0a-e659-4ac2-95bf-5206bdc27ef1
langcode: en
status: true
dependencies:
  config:
    - field.storage.paragraph.field_block
    - paragraphs.paragraphs_type.block
  module:
    - block_field
id: paragraph.block.field_block
field_name: field_block
entity_type: paragraph
bundle: block
label: Block
description: ''
required: false
translatable: false
default_value: {  }
default_value_callback: ''
settings:
  selection: blocks
  selection_settings:
    plugin_ids:
      'views_block:blog-block_blog_recent': 'views_block:blog-block_blog_recent'
      book_navigation: book_navigation
      'views_exposed_filter_block:recipes-block_recipes': 'views_exposed_filter_block:recipes-block_recipes'
      'views_exposed_filter_block:search_content-full_site_search': 'views_exposed_filter_block:search_content-full_site_search'
field_type: block_field
